{
  "name": "app",
  "lockfileVersion": 3,
  "requires": true,
  "packages": {
    "": {
      "dependencies": {
        "chartist": "^1.5.0"
      }
    },
    "node_modules/chartist": {
      "version": "1.5.0",
      "resolved": "https://registry.npmjs.org/chartist/-/chartist-1.5.0.tgz",
      "integrity": "sha512-mcCJuWHpNqkJucuWEeHxymQCQEeAOkamGypqCV5+C+uI2NF4I3BOn/tjIuZaowJVNAcrY9BG3janLaCWSNVPDw==",
      "license": "MIT OR WTFPL",
      "engines": {
        "node": ">=14"
      }
    }
  }
}
